
Microsoft Visual Studio Solution File, Format Version 12.00
# Visual Studio 2015
Project("{FAE04EC0-301F-11D3-BF4B-00C04F79EFBC}") = "Foish-The-Feedening.CSharp.Plugins", "Foish-The-Feedening.CSharp.Plugins.csproj", "{0B9E1C9B-0255-7E8F-9C3E-2FA67198333B}"
EndProject
Project("{FAE04EC0-301F-11D3-BF4B-00C04F79EFBC}") = "Foish-The-Feedening.CSharp", "Foish-The-Feedening.CSharp.csproj", "{243B2199-D892-1348-CA43-FED984D8CE2F}"
EndProject
Global
	GlobalSection(SolutionConfigurationPlatforms) = preSolution
		Debug|Any CPU = Debug|Any CPU
		Release|Any CPU = Release|Any CPU
	EndGlobalSection
	GlobalSection(ProjectConfigurationPlatforms) = postSolution
		{0B9E1C9B-0255-7E8F-9C3E-2FA67198333B}.Debug|Any CPU.ActiveCfg = Debug|Any CPU
		{0B9E1C9B-0255-7E8F-9C3E-2FA67198333B}.Debug|Any CPU.Build.0 = Debug|Any CPU
		{0B9E1C9B-0255-7E8F-9C3E-2FA67198333B}.Release|Any CPU.ActiveCfg = Release|Any CPU
		{0B9E1C9B-0255-7E8F-9C3E-2FA67198333B}.Release|Any CPU.Build.0 = Release|Any CPU
		{243B2199-D892-1348-CA43-FED984D8CE2F}.Debug|Any CPU.ActiveCfg = Debug|Any CPU
		{243B2199-D892-1348-CA43-FED984D8CE2F}.Debug|Any CPU.Build.0 = Debug|Any CPU
		{243B2199-D892-1348-CA43-FED984D8CE2F}.Release|Any CPU.ActiveCfg = Release|Any CPU
		{243B2199-D892-1348-CA43-FED984D8CE2F}.Release|Any CPU.Build.0 = Release|Any CPU
	EndGlobalSection
	GlobalSection(SolutionProperties) = preSolution
		HideSolutionNode = FALSE
	EndGlobalSection
EndGlobal
